Microsoft Visual Studio Solution File, Format Version 12.00
# Visual Studio 14
Project("{8BC9CEB8-8B4A-11D0-8D11-00A0C91BC942}") = "NJLIC-exe", "NJLIC-exe.vcxproj", "{8F12ACA2-1CB1-30F9-A8BA-E6ED2A58B09C}"
	ProjectSection(ProjectDependencies) = postProject
		{FB95A085-DD0C-3D60-B381-67CA0FEB743C} = {FB95A085-DD0C-3D60-B381-67CA0FEB743C}
		{08AF5774-6453-3205-97A2-E4F86ABA4F4E} = {08AF5774-6453-3205-97A2-E4F86ABA4F4E}
		{19AC76A4-D597-35CD-9ABA-6260072FA6FC} = {19AC76A4-D597-35CD-9ABA-6260072FA6FC}
	EndProjectSection
EndProject
Project("{8BC9CEB8-8B4A-11D0-8D11-00A0C91BC942}") = "ALL_BUILD", "ALL_BUILD.vcxproj", "{3468A6D1-BF62-3973-941C-5DCCE4CBA54D}"
	ProjectSection(ProjectDependencies) = postProject
		{4053E1FF-5920-309E-80F1-DA34656891C4} = {4053E1FF-5920-309E-80F1-DA34656891C4}
		{B7EBD0F6-1E4B-3F73-A71D-CCC2296698B2} = {B7EBD0F6-1E4B-3F73-A71D-CCC2296698B2}
		{8F12ACA2-1CB1-30F9-A8BA-E6ED2A58B09C} = {8F12ACA2-1CB1-30F9-A8BA-E6ED2A58B09C}
		{95FA862C-3737-30BA-A342-005D08A74D59} = {95FA862C-3737-30BA-A342-005D08A74D59}
		{9A8E9B9C-F3AF-373E-A9D8-9DD80FFD9C8E} = {9A8E9B9C-F3AF-373E-A9D8-9DD80FFD9C8E}
		{FB95A085-DD0C-3D60-B381-67CA0FEB743C} = {FB95A085-DD0C-3D60-B381-67CA0FEB743C}
		{E98260EC-E7E8-3F84-B38B-2747E59031DB} = {E98260EC-E7E8-3F84-B38B-2747E59031DB}
		{663E2110-F0AC-3CC8-8A5D-426D062F30D5} = {663E2110-F0AC-3CC8-8A5D-426D062F30D5}
		{08AF5774-6453-3205-97A2-E4F86ABA4F4E} = {08AF5774-6453-3205-97A2-E4F86ABA4F4E}
		{19AC76A4-D597-35CD-9ABA-6260072FA6FC} = {19AC76A4-D597-35CD-9ABA-6260072FA6FC}
		{B31BDD1D-0013-3F69-A602-19C516D56D99} = {B31BDD1D-0013-3F69-A602-19C516D56D99}
		{D5796ED5-8EED-3FC6-A007-14E83076F28E} = {D5796ED5-8EED-3FC6-A007-14E83076F28E}
	EndProjectSection
EndProject
Project("{8BC9CEB8-8B4A-11D0-8D11-00A0C91BC942}") = "INSTALL", "INSTALL.vcxproj", "{4416671C-F6FE-32AF-A928-E85FB6B80A0E}"
	ProjectSection(ProjectDependencies) = postProject
		{3468A6D1-BF62-3973-941C-5DCCE4CBA54D} = {3468A6D1-BF62-3973-941C-5DCCE4CBA54D}
		{19AC76A4-D597-35CD-9ABA-6260072FA6FC} = {19AC76A4-D597-35CD-9ABA-6260072FA6FC}
	EndProjectSection
EndProject
Project("{8BC9CEB8-8B4A-11D0-8D11-00A0C91BC942}") = "NJLIC", "NJLIC.vcxproj", "{4053E1FF-5920-309E-80F1-DA34656891C4}"
	ProjectSection(ProjectDependencies) = postProject
		{FB95A085-DD0C-3D60-B381-67CA0FEB743C} = {FB95A085-DD0C-3D60-B381-67CA0FEB743C}
		{08AF5774-6453-3205-97A2-E4F86ABA4F4E} = {08AF5774-6453-3205-97A2-E4F86ABA4F4E}
		{19AC76A4-D597-35CD-9ABA-6260072FA6FC} = {19AC76A4-D597-35CD-9ABA-6260072FA6FC}
	EndProjectSection
EndProject
Project("{8BC9CEB8-8B4A-11D0-8D11-00A0C91BC942}") = "NJLIC-documentation", "NJLIC-documentation.vcxproj", "{B7EBD0F6-1E4B-3F73-A71D-CCC2296698B2}"
	ProjectSection(ProjectDependencies) = postProject
		{19AC76A4-D597-35CD-9ABA-6260072FA6FC} = {19AC76A4-D597-35CD-9ABA-6260072FA6FC}
	EndProjectSection
EndProject
Project("{8BC9CEB8-8B4A-11D0-8D11-00A0C91BC942}") = "NJLIC-lua-swig-bullet3", "NJLIC-lua-swig-bullet3.vcxproj", "{95FA862C-3737-30BA-A342-005D08A74D59}"
	ProjectSection(ProjectDependencies) = postProject
		{FB95A085-DD0C-3D60-B381-67CA0FEB743C} = {FB95A085-DD0C-3D60-B381-67CA0FEB743C}
		{08AF5774-6453-3205-97A2-E4F86ABA4F4E} = {08AF5774-6453-3205-97A2-E4F86ABA4F4E}
		{19AC76A4-D597-35CD-9ABA-6260072FA6FC} = {19AC76A4-D597-35CD-9ABA-6260072FA6FC}
	EndProjectSection
EndProject
Project("{8BC9CEB8-8B4A-11D0-8D11-00A0C91BC942}") = "NJLIC-lua-swig-bullet3-module", "NJLIC-lua-swig-bullet3-module.vcxproj", "{9A8E9B9C-F3AF-373E-A9D8-9DD80FFD9C8E}"
	ProjectSection(ProjectDependencies) = postProject
		{FB95A085-DD0C-3D60-B381-67CA0FEB743C} = {FB95A085-DD0C-3D60-B381-67CA0FEB743C}
		{08AF5774-6453-3205-97A2-E4F86ABA4F4E} = {08AF5774-6453-3205-97A2-E4F86ABA4F4E}
		{19AC76A4-D597-35CD-9ABA-6260072FA6FC} = {19AC76A4-D597-35CD-9ABA-6260072FA6FC}
	EndProjectSection
EndProject
Project("{8BC9CEB8-8B4A-11D0-8D11-00A0C91BC942}") = "NJLIC-lua-swig-bullet3-static", "NJLIC-lua-swig-bullet3-static.vcxproj", "{FB95A085-DD0C-3D60-B381-67CA0FEB743C}"
	ProjectSection(ProjectDependencies) = postProject
		{EB7FACF2-EBA6-346B-B07C-504DB31D6696} = {EB7FACF2-EBA6-346B-B07C-504DB31D6696}
	EndProjectSection
EndProject
Project("{8BC9CEB8-8B4A-11D0-8D11-00A0C91BC942}") = "NJLIC-lua-swig-njlic", "NJLIC-lua-swig-njlic.vcxproj", "{E98260EC-E7E8-3F84-B38B-2747E59031DB}"
	ProjectSection(ProjectDependencies) = postProject
		{FB95A085-DD0C-3D60-B381-67CA0FEB743C} = {FB95A085-DD0C-3D60-B381-67CA0FEB743C}
		{08AF5774-6453-3205-97A2-E4F86ABA4F4E} = {08AF5774-6453-3205-97A2-E4F86ABA4F4E}
		{19AC76A4-D597-35CD-9ABA-6260072FA6FC} = {19AC76A4-D597-35CD-9ABA-6260072FA6FC}
	EndProjectSection
EndProject
Project("{8BC9CEB8-8B4A-11D0-8D11-00A0C91BC942}") = "NJLIC-lua-swig-njlic-module", "NJLIC-lua-swig-njlic-module.vcxproj", "{663E2110-F0AC-3CC8-8A5D-426D062F30D5}"
	ProjectSection(ProjectDependencies) = postProject
		{FB95A085-DD0C-3D60-B381-67CA0FEB743C} = {FB95A085-DD0C-3D60-B381-67CA0FEB743C}
		{08AF5774-6453-3205-97A2-E4F86ABA4F4E} = {08AF5774-6453-3205-97A2-E4F86ABA4F4E}
		{19AC76A4-D597-35CD-9ABA-6260072FA6FC} = {19AC76A4-D597-35CD-9ABA-6260072FA6FC}
	EndProjectSection
EndProject
Project("{8BC9CEB8-8B4A-11D0-8D11-00A0C91BC942}") = "NJLIC-lua-swig-njlic-static", "NJLIC-lua-swig-njlic-static.vcxproj", "{08AF5774-6453-3205-97A2-E4F86ABA4F4E}"
	ProjectSection(ProjectDependencies) = postProject
		{19AC76A4-D597-35CD-9ABA-6260072FA6FC} = {19AC76A4-D597-35CD-9ABA-6260072FA6FC}
	EndProjectSection
EndProject
Project("{8BC9CEB8-8B4A-11D0-8D11-00A0C91BC942}") = "NJLIC-static", "NJLIC-static.vcxproj", "{EB7FACF2-EBA6-346B-B07C-504DB31D6696}"
	ProjectSection(ProjectDependencies) = postProject
		{08AF5774-6453-3205-97A2-E4F86ABA4F4E} = {08AF5774-6453-3205-97A2-E4F86ABA4F4E}
		{19AC76A4-D597-35CD-9ABA-6260072FA6FC} = {19AC76A4-D597-35CD-9ABA-6260072FA6FC}
	EndProjectSection
EndProject
Project("{8BC9CEB8-8B4A-11D0-8D11-00A0C91BC942}") = "PACKAGE", "PACKAGE.vcxproj", "{EF48A346-034C-37DB-88B5-953EE4E80393}"
	ProjectSection(ProjectDependencies) = postProject
		{3468A6D1-BF62-3973-941C-5DCCE4CBA54D} = {3468A6D1-BF62-3973-941C-5DCCE4CBA54D}
		{19AC76A4-D597-35CD-9ABA-6260072FA6FC} = {19AC76A4-D597-35CD-9ABA-6260072FA6FC}
	EndProjectSection
EndProject
Project("{8BC9CEB8-8B4A-11D0-8D11-00A0C91BC942}") = "ZERO_CHECK", "ZERO_CHECK.vcxproj", "{19AC76A4-D597-35CD-9ABA-6260072FA6FC}"
	ProjectSection(ProjectDependencies) = postProject
	EndProjectSection
EndProject
Project("{8BC9CEB8-8B4A-11D0-8D11-00A0C91BC942}") = "clang-format", "clang-format.vcxproj", "{87BED7EF-F784-3DF2-BA93-68B4FF924405}"
	ProjectSection(ProjectDependencies) = postProject
		{19AC76A4-D597-35CD-9ABA-6260072FA6FC} = {19AC76A4-D597-35CD-9ABA-6260072FA6FC}
	EndProjectSection
EndProject
Project("{8BC9CEB8-8B4A-11D0-8D11-00A0C91BC942}") = "cppcheck", "cppcheck.vcxproj", "{F891689A-4E32-34B3-BDD6-34C59E06BD63}"
	ProjectSection(ProjectDependencies) = postProject
		{19AC76A4-D597-35CD-9ABA-6260072FA6FC} = {19AC76A4-D597-35CD-9ABA-6260072FA6FC}
	EndProjectSection
EndProject
Project("{8BC9CEB8-8B4A-11D0-8D11-00A0C91BC942}") = "lua", "lua.vcxproj", "{B31BDD1D-0013-3F69-A602-19C516D56D99}"
	ProjectSection(ProjectDependencies) = postProject
		{FB95A085-DD0C-3D60-B381-67CA0FEB743C} = {FB95A085-DD0C-3D60-B381-67CA0FEB743C}
		{08AF5774-6453-3205-97A2-E4F86ABA4F4E} = {08AF5774-6453-3205-97A2-E4F86ABA4F4E}
		{19AC76A4-D597-35CD-9ABA-6260072FA6FC} = {19AC76A4-D597-35CD-9ABA-6260072FA6FC}
	EndProjectSection
EndProject
Project("{8BC9CEB8-8B4A-11D0-8D11-00A0C91BC942}") = "luac", "luac.vcxproj", "{D5796ED5-8EED-3FC6-A007-14E83076F28E}"
	ProjectSection(ProjectDependencies) = postProject
		{FB95A085-DD0C-3D60-B381-67CA0FEB743C} = {FB95A085-DD0C-3D60-B381-67CA0FEB743C}
		{08AF5774-6453-3205-97A2-E4F86ABA4F4E} = {08AF5774-6453-3205-97A2-E4F86ABA4F4E}
		{19AC76A4-D597-35CD-9ABA-6260072FA6FC} = {19AC76A4-D597-35CD-9ABA-6260072FA6FC}
	EndProjectSection
EndProject
Project("{8BC9CEB8-8B4A-11D0-8D11-00A0C91BC942}") = "uninstall", "uninstall.vcxproj", "{8A17CD9F-20A4-35C4-941E-B027FC1A625C}"
	ProjectSection(ProjectDependencies) = postProject
		{19AC76A4-D597-35CD-9ABA-6260072FA6FC} = {19AC76A4-D597-35CD-9ABA-6260072FA6FC}
	EndProjectSection
EndProject
Global
	GlobalSection(SolutionConfigurationPlatforms) = preSolution
		Debug|x64 = Debug|x64
		Release|x64 = Release|x64
		MinSizeRel|x64 = MinSizeRel|x64
		RelWithDebInfo|x64 = RelWithDebInfo|x64
	EndGlobalSection
	GlobalSection(ProjectConfigurationPlatforms) = postSolution
		{8F12ACA2-1CB1-30F9-A8BA-E6ED2A58B09C}.Debug|x64.ActiveCfg = Debug|x64
		{8F12ACA2-1CB1-30F9-A8BA-E6ED2A58B09C}.Debug|x64.Build.0 = Debug|x64
		{8F12ACA2-1CB1-30F9-A8BA-E6ED2A58B09C}.Release|x64.ActiveCfg = Release|x64
		{8F12ACA2-1CB1-30F9-A8BA-E6ED2A58B09C}.Release|x64.Build.0 = Release|x64
		{8F12ACA2-1CB1-30F9-A8BA-E6ED2A58B09C}.MinSizeRel|x64.ActiveCfg = MinSizeRel|x64
		{8F12ACA2-1CB1-30F9-A8BA-E6ED2A58B09C}.MinSizeRel|x64.Build.0 = MinSizeRel|x64
		{8F12ACA2-1CB1-30F9-A8BA-E6ED2A58B09C}.RelWithDebInfo|x64.ActiveCfg = RelWithDebInfo|x64
		{8F12ACA2-1CB1-30F9-A8BA-E6ED2A58B09C}.RelWithDebInfo|x64.Build.0 = RelWithDebInfo|x64
		{3468A6D1-BF62-3973-941C-5DCCE4CBA54D}.Debug|x64.ActiveCfg = Debug|x64
		{3468A6D1-BF62-3973-941C-5DCCE4CBA54D}.Debug|x64.Build.0 = Debug|x64
		{3468A6D1-BF62-3973-941C-5DCCE4CBA54D}.Release|x64.ActiveCfg = Release|x64
		{3468A6D1-BF62-3973-941C-5DCCE4CBA54D}.Release|x64.Build.0 = Release|x64
		{3468A6D1-BF62-3973-941C-5DCCE4CBA54D}.MinSizeRel|x64.ActiveCfg = MinSizeRel|x64
		{3468A6D1-BF62-3973-941C-5DCCE4CBA54D}.MinSizeRel|x64.Build.0 = MinSizeRel|x64
		{3468A6D1-BF62-3973-941C-5DCCE4CBA54D}.RelWithDebInfo|x64.ActiveCfg = RelWithDebInfo|x64
		{3468A6D1-BF62-3973-941C-5DCCE4CBA54D}.RelWithDebInfo|x64.Build.0 = RelWithDebInfo|x64
		{4416671C-F6FE-32AF-A928-E85FB6B80A0E}.Debug|x64.ActiveCfg = Debug|x64
		{4416671C-F6FE-32AF-A928-E85FB6B80A0E}.Release|x64.ActiveCfg = Release|x64
		{4416671C-F6FE-32AF-A928-E85FB6B80A0E}.MinSizeRel|x64.ActiveCfg = MinSizeRel|x64
		{4416671C-F6FE-32AF-A928-E85FB6B80A0E}.RelWithDebInfo|x64.ActiveCfg = RelWithDebInfo|x64
		{4053E1FF-5920-309E-80F1-DA34656891C4}.Debug|x64.ActiveCfg = Debug|x64
		{4053E1FF-5920-309E-80F1-DA34656891C4}.Debug|x64.Build.0 = Debug|x64
		{4053E1FF-5920-309E-80F1-DA34656891C4}.Release|x64.ActiveCfg = Release|x64
		{4053E1FF-5920-309E-80F1-DA34656891C4}.Release|x64.Build.0 = Release|x64
		{4053E1FF-5920-309E-80F1-DA34656891C4}.MinSizeRel|x64.ActiveCfg = MinSizeRel|x64
		{4053E1FF-5920-309E-80F1-DA34656891C4}.MinSizeRel|x64.Build.0 = MinSizeRel|x64
		{4053E1FF-5920-309E-80F1-DA34656891C4}.RelWithDebInfo|x64.ActiveCfg = RelWithDebInfo|x64
		{4053E1FF-5920-309E-80F1-DA34656891C4}.RelWithDebInfo|x64.Build.0 = RelWithDebInfo|x64
		{B7EBD0F6-1E4B-3F73-A71D-CCC2296698B2}.Debug|x64.ActiveCfg = Debug|x64
		{B7EBD0F6-1E4B-3F73-A71D-CCC2296698B2}.Debug|x64.Build.0 = Debug|x64
		{B7EBD0F6-1E4B-3F73-A71D-CCC2296698B2}.Release|x64.ActiveCfg = Release|x64
		{B7EBD0F6-1E4B-3F73-A71D-CCC2296698B2}.Release|x64.Build.0 = Release|x64
		{B7EBD0F6-1E4B-3F73-A71D-CCC2296698B2}.MinSizeRel|x64.ActiveCfg = MinSizeRel|x64
		{B7EBD0F6-1E4B-3F73-A71D-CCC2296698B2}.MinSizeRel|x64.Build.0 = MinSizeRel|x64
		{B7EBD0F6-1E4B-3F73-A71D-CCC2296698B2}.RelWithDebInfo|x64.ActiveCfg = RelWithDebInfo|x64
		{B7EBD0F6-1E4B-3F73-A71D-CCC2296698B2}.RelWithDebInfo|x64.Build.0 = RelWithDebInfo|x64
		{95FA862C-3737-30BA-A342-005D08A74D59}.Debug|x64.ActiveCfg = Debug|x64
		{95FA862C-3737-30BA-A342-005D08A74D59}.Debug|x64.Build.0 = Debug|x64
		{95FA862C-3737-30BA-A342-005D08A74D59}.Release|x64.ActiveCfg = Release|x64
		{95FA862C-3737-30BA-A342-005D08A74D59}.Release|x64.Build.0 = Release|x64
		{95FA862C-3737-30BA-A342-005D08A74D59}.MinSizeRel|x64.ActiveCfg = MinSizeRel|x64
		{95FA862C-3737-30BA-A342-005D08A74D59}.MinSizeRel|x64.Build.0 = MinSizeRel|x64
		{95FA862C-3737-30BA-A342-005D08A74D59}.RelWithDebInfo|x64.ActiveCfg = RelWithDebInfo|x64
		{95FA862C-3737-30BA-A342-005D08A74D59}.RelWithDebInfo|x64.Build.0 = RelWithDebInfo|x64
		{9A8E9B9C-F3AF-373E-A9D8-9DD80FFD9C8E}.Debug|x64.ActiveCfg = Debug|x64
		{9A8E9B9C-F3AF-373E-A9D8-9DD80FFD9C8E}.Debug|x64.Build.0 = Debug|x64
		{9A8E9B9C-F3AF-373E-A9D8-9DD80FFD9C8E}.Release|x64.ActiveCfg = Release|x64
		{9A8E9B9C-F3AF-373E-A9D8-9DD80FFD9C8E}.Release|x64.Build.0 = Release|x64
		{9A8E9B9C-F3AF-373E-A9D8-9DD80FFD9C8E}.MinSizeRel|x64.ActiveCfg = MinSizeRel|x64
		{9A8E9B9C-F3AF-373E-A9D8-9DD80FFD9C8E}.MinSizeRel|x64.Build.0 = MinSizeRel|x64
		{9A8E9B9C-F3AF-373E-A9D8-9DD80FFD9C8E}.RelWithDebInfo|x64.ActiveCfg = RelWithDebInfo|x64
		{9A8E9B9C-F3AF-373E-A9D8-9DD80FFD9C8E}.RelWithDebInfo|x64.Build.0 = RelWithDebInfo|x64
		{FB95A085-DD0C-3D60-B381-67CA0FEB743C}.Debug|x64.ActiveCfg = Debug|x64
		{FB95A085-DD0C-3D60-B381-67CA0FEB743C}.Debug|x64.Build.0 = Debug|x64
		{FB95A085-DD0C-3D60-B381-67CA0FEB743C}.Release|x64.ActiveCfg = Release|x64
		{FB95A085-DD0C-3D60-B381-67CA0FEB743C}.Release|x64.Build.0 = Release|x64
		{FB95A085-DD0C-3D60-B381-67CA0FEB743C}.MinSizeRel|x64.ActiveCfg = MinSizeRel|x64
		{FB95A085-DD0C-3D60-B381-67CA0FEB743C}.MinSizeRel|x64.Build.0 = MinSizeRel|x64
		{FB95A085-DD0C-3D60-B381-67CA0FEB743C}.RelWithDebInfo|x64.ActiveCfg = RelWithDebInfo|x64
		{FB95A085-DD0C-3D60-B381-67CA0FEB743C}.RelWithDebInfo|x64.Build.0 = RelWithDebInfo|x64
		{E98260EC-E7E8-3F84-B38B-2747E59031DB}.Debug|x64.ActiveCfg = Debug|x64
		{E98260EC-E7E8-3F84-B38B-2747E59031DB}.Debug|x64.Build.0 = Debug|x64
		{E98260EC-E7E8-3F84-B38B-2747E59031DB}.Release|x64.ActiveCfg = Release|x64
		{E98260EC-E7E8-3F84-B38B-2747E59031DB}.Release|x64.Build.0 = Release|x64
		{E98260EC-E7E8-3F84-B38B-2747E59031DB}.MinSizeRel|x64.ActiveCfg = MinSizeRel|x64
		{E98260EC-E7E8-3F84-B38B-2747E59031DB}.MinSizeRel|x64.Build.0 = MinSizeRel|x64
		{E98260EC-E7E8-3F84-B38B-2747E59031DB}.RelWithDebInfo|x64.ActiveCfg = RelWithDebInfo|x64
		{E98260EC-E7E8-3F84-B38B-2747E59031DB}.RelWithDebInfo|x64.Build.0 = RelWithDebInfo|x64
		{663E2110-F0AC-3CC8-8A5D-426D062F30D5}.Debug|x64.ActiveCfg = Debug|x64
		{663E2110-F0AC-3CC8-8A5D-426D062F30D5}.Debug|x64.Build.0 = Debug|x64
		{663E2110-F0AC-3CC8-8A5D-426D062F30D5}.Release|x64.ActiveCfg = Release|x64
		{663E2110-F0AC-3CC8-8A5D-426D062F30D5}.Release|x64.Build.0 = Release|x64
		{663E2110-F0AC-3CC8-8A5D-426D062F30D5}.MinSizeRel|x64.ActiveCfg = MinSizeRel|x64
		{663E2110-F0AC-3CC8-8A5D-426D062F30D5}.MinSizeRel|x64.Build.0 = MinSizeRel|x64
		{663E2110-F0AC-3CC8-8A5D-426D062F30D5}.RelWithDebInfo|x64.ActiveCfg = RelWithDebInfo|x64
		{663E2110-F0AC-3CC8-8A5D-426D062F30D5}.RelWithDebInfo|x64.Build.0 = RelWithDebInfo|x64
		{08AF5774-6453-3205-97A2-E4F86ABA4F4E}.Debug|x64.ActiveCfg = Debug|x64
		{08AF5774-6453-3205-97A2-E4F86ABA4F4E}.Debug|x64.Build.0 = Debug|x64
		{08AF5774-6453-3205-97A2-E4F86ABA4F4E}.Release|x64.ActiveCfg = Release|x64
		{08AF5774-6453-3205-97A2-E4F86ABA4F4E}.Release|x64.Build.0 = Release|x64
		{08AF5774-6453-3205-97A2-E4F86ABA4F4E}.MinSizeRel|x64.ActiveCfg = MinSizeRel|x64
		{08AF5774-6453-3205-97A2-E4F86ABA4F4E}.MinSizeRel|x64.Build.0 = MinSizeRel|x64
		{08AF5774-6453-3205-97A2-E4F86ABA4F4E}.RelWithDebInfo|x64.ActiveCfg = RelWithDebInfo|x64
		{08AF5774-6453-3205-97A2-E4F86ABA4F4E}.RelWithDebInfo|x64.Build.0 = RelWithDebInfo|x64
		{EB7FACF2-EBA6-346B-B07C-504DB31D6696}.Debug|x64.ActiveCfg = Debug|x64
		{EB7FACF2-EBA6-346B-B07C-504DB31D6696}.Debug|x64.Build.0 = Debug|x64
		{EB7FACF2-EBA6-346B-B07C-504DB31D6696}.Release|x64.ActiveCfg = Release|x64
		{EB7FACF2-EBA6-346B-B07C-504DB31D6696}.Release|x64.Build.0 = Release|x64
		{EB7FACF2-EBA6-346B-B07C-504DB31D6696}.MinSizeRel|x64.ActiveCfg = MinSizeRel|x64
		{EB7FACF2-EBA6-346B-B07C-504DB31D6696}.MinSizeRel|x64.Build.0 = MinSizeRel|x64
		{EB7FACF2-EBA6-346B-B07C-504DB31D6696}.RelWithDebInfo|x64.ActiveCfg = RelWithDebInfo|x64
		{EB7FACF2-EBA6-346B-B07C-504DB31D6696}.RelWithDebInfo|x64.Build.0 = RelWithDebInfo|x64
		{EF48A346-034C-37DB-88B5-953EE4E80393}.Debug|x64.ActiveCfg = Debug|x64
		{EF48A346-034C-37DB-88B5-953EE4E80393}.Release|x64.ActiveCfg = Release|x64
		{EF48A346-034C-37DB-88B5-953EE4E80393}.MinSizeRel|x64.ActiveCfg = MinSizeRel|x64
		{EF48A346-034C-37DB-88B5-953EE4E80393}.RelWithDebInfo|x64.ActiveCfg = RelWithDebInfo|x64
		{19AC76A4-D597-35CD-9ABA-6260072FA6FC}.Debug|x64.ActiveCfg = Debug|x64
		{19AC76A4-D597-35CD-9ABA-6260072FA6FC}.Debug|x64.Build.0 = Debug|x64
		{19AC76A4-D597-35CD-9ABA-6260072FA6FC}.Release|x64.ActiveCfg = Release|x64
		{19AC76A4-D597-35CD-9ABA-6260072FA6FC}.Release|x64.Build.0 = Release|x64
		{19AC76A4-D597-35CD-9ABA-6260072FA6FC}.MinSizeRel|x64.ActiveCfg = MinSizeRel|x64
		{19AC76A4-D597-35CD-9ABA-6260072FA6FC}.MinSizeRel|x64.Build.0 = MinSizeRel|x64
		{19AC76A4-D597-35CD-9ABA-6260072FA6FC}.RelWithDebInfo|x64.ActiveCfg = RelWithDebInfo|x64
		{19AC76A4-D597-35CD-9ABA-6260072FA6FC}.RelWithDebInfo|x64.Build.0 = RelWithDebInfo|x64
		{87BED7EF-F784-3DF2-BA93-68B4FF924405}.Debug|x64.ActiveCfg = Debug|x64
		{87BED7EF-F784-3DF2-BA93-68B4FF924405}.Release|x64.ActiveCfg = Release|x64
		{87BED7EF-F784-3DF2-BA93-68B4FF924405}.MinSizeRel|x64.ActiveCfg = MinSizeRel|x64
		{87BED7EF-F784-3DF2-BA93-68B4FF924405}.RelWithDebInfo|x64.ActiveCfg = RelWithDebInfo|x64
		{F891689A-4E32-34B3-BDD6-34C59E06BD63}.Debug|x64.ActiveCfg = Debug|x64
		{F891689A-4E32-34B3-BDD6-34C59E06BD63}.Release|x64.ActiveCfg = Release|x64
		{F891689A-4E32-34B3-BDD6-34C59E06BD63}.MinSizeRel|x64.ActiveCfg = MinSizeRel|x64
		{F891689A-4E32-34B3-BDD6-34C59E06BD63}.RelWithDebInfo|x64.ActiveCfg = RelWithDebInfo|x64
		{B31BDD1D-0013-3F69-A602-19C516D56D99}.Debug|x64.ActiveCfg = Debug|x64
		{B31BDD1D-0013-3F69-A602-19C516D56D99}.Debug|x64.Build.0 = Debug|x64
		{B31BDD1D-0013-3F69-A602-19C516D56D99}.Release|x64.ActiveCfg = Release|x64
		{B31BDD1D-0013-3F69-A602-19C516D56D99}.Release|x64.Build.0 = Release|x64
		{B31BDD1D-0013-3F69-A602-19C516D56D99}.MinSizeRel|x64.ActiveCfg = MinSizeRel|x64
		{B31BDD1D-0013-3F69-A602-19C516D56D99}.MinSizeRel|x64.Build.0 = MinSizeRel|x64
		{B31BDD1D-0013-3F69-A602-19C516D56D99}.RelWithDebInfo|x64.ActiveCfg = RelWithDebInfo|x64
		{B31BDD1D-0013-3F69-A602-19C516D56D99}.RelWithDebInfo|x64.Build.0 = RelWithDebInfo|x64
		{D5796ED5-8EED-3FC6-A007-14E83076F28E}.Debug|x64.ActiveCfg = Debug|x64
		{D5796ED5-8EED-3FC6-A007-14E83076F28E}.Debug|x64.Build.0 = Debug|x64
		{D5796ED5-8EED-3FC6-A007-14E83076F28E}.Release|x64.ActiveCfg = Release|x64
		{D5796ED5-8EED-3FC6-A007-14E83076F28E}.Release|x64.Build.0 = Release|x64
		{D5796ED5-8EED-3FC6-A007-14E83076F28E}.MinSizeRel|x64.ActiveCfg = MinSizeRel|x64
		{D5796ED5-8EED-3FC6-A007-14E83076F28E}.MinSizeRel|x64.Build.0 = MinSizeRel|x64
		{D5796ED5-8EED-3FC6-A007-14E83076F28E}.RelWithDebInfo|x64.ActiveCfg = RelWithDebInfo|x64
		{D5796ED5-8EED-3FC6-A007-14E83076F28E}.RelWithDebInfo|x64.Build.0 = RelWithDebInfo|x64
		{8A17CD9F-20A4-35C4-941E-B027FC1A625C}.Debug|x64.ActiveCfg = Debug|x64
		{8A17CD9F-20A4-35C4-941E-B027FC1A625C}.Release|x64.ActiveCfg = Release|x64
		{8A17CD9F-20A4-35C4-941E-B027FC1A625C}.MinSizeRel|x64.ActiveCfg = MinSizeRel|x64
		{8A17CD9F-20A4-35C4-941E-B027FC1A625C}.RelWithDebInfo|x64.ActiveCfg = RelWithDebInfo|x64
	EndGlobalSection
	GlobalSection(ExtensibilityGlobals) = postSolution
		SolutionGuid = {A90BA15B-F4A9-35CE-940B-DD579F681742}
	EndGlobalSection
	GlobalSection(ExtensibilityAddIns) = postSolution
	EndGlobalSection
EndGlobal
